
Microsoft Visual Studio Solution File, Format Version 12.00
# Visual Studio Version 16
VisualStudioVersion = 16.0.33927.289
MinimumVisualStudioVersion = 10.0.40219.1
Project("{FAE04EC0-301F-11D3-BF4B-00C04F79EFBC}") = "Weather Station", "Weather Station.csproj", "{A3903B2F-DACA-4832-B62F-1A5EC6F18887}"
EndProject
Global
	GlobalSection(SolutionConfigurationPlatforms) = preSolution
		Debug|Any CPU = Debug|Any CPU
		Release|Any CPU = Release|Any CPU
	EndGlobalSection
	GlobalSection(ProjectConfigurationPlatforms) = postSolution
		{A3903B2F-DACA-4832-B62F-1A5EC6F18887}.Debug|Any CPU.ActiveCfg = Debug|Any CPU
		{A3903B2F-DACA-4832-B62F-1A5EC6F18887}.Debug|Any CPU.Build.0 = Debug|Any CPU
		{A3903B2F-DACA-4832-B62F-1A5EC6F18887}.Release|Any CPU.ActiveCfg = Release|Any CPU
		{A3903B2F-DACA-4832-B62F-1A5EC6F18887}.Release|Any CPU.Build.0 = Release|Any CPU
	EndGlobalSection
	GlobalSection(SolutionProperties) = preSolution
		HideSolutionNode = FALSE
	EndGlobalSection
	GlobalSection(ExtensibilityGlobals) = postSolution
		SolutionGuid = {37E2FAE4-6F13-4AF4-AE32-0D6EF781D89A}
	EndGlobalSection
EndGlobal
